
Microsoft Visual Studio Solution File, Format Version 12.00
# Visual Studio Version 16
VisualStudioVersion = 16.0.30413.136
MinimumVisualStudioVersion = 10.0.40219.1
Project("{9A19103F-16F7-4668-BE54-9A1E7A4F7556}") = "DAL", "KupatHolim\DAL.csproj", "{D68839AF-DD42-4742-AC05-A007576F4350}"
EndProject
Project("{9A19103F-16F7-4668-BE54-9A1E7A4F7556}") = "WebApi", "WebApi\WebApi.csproj", "{CDE2775B-775A-4BAB-A81F-62CD948B5975}"
EndProject
Project("{9A19103F-16F7-4668-BE54-9A1E7A4F7556}") = "ViewModel", "ViewModel\ViewModel.csproj", "{23EC8E6E-9BB0-4261-8756-6D21619C8B99}"
EndProject
Project("{9A19103F-16F7-4668-BE54-9A1E7A4F7556}") = "BLL", "BL\BLL.csproj", "{4CBBBF87-F3DF-4C06-999E-BE789E91FF9D}"
EndProject
Global
	GlobalSection(SolutionConfigurationPlatforms) = preSolution
		Debug|Any CPU = Debug|Any CPU
		Release|Any CPU = Release|Any CPU
	EndGlobalSection
	GlobalSection(ProjectConfigurationPlatforms) = postSolution
		{D68839AF-DD42-4742-AC05-A007576F4350}.Debug|Any CPU.ActiveCfg = Debug|Any CPU
		{D68839AF-DD42-4742-AC05-A007576F4350}.Debug|Any CPU.Build.0 = Debug|Any CPU
		{D68839AF-DD42-4742-AC05-A007576F4350}.Release|Any CPU.ActiveCfg = Release|Any CPU
		{D68839AF-DD42-4742-AC05-A007576F4350}.Release|Any CPU.Build.0 = Release|Any CPU
		{CDE2775B-775A-4BAB-A81F-62CD948B5975}.Debug|Any CPU.ActiveCfg = Debug|Any CPU
		{CDE2775B-775A-4BAB-A81F-62CD948B5975}.Debug|Any CPU.Build.0 = Debug|Any CPU
		{CDE2775B-775A-4BAB-A81F-62CD948B5975}.Release|Any CPU.ActiveCfg = Release|Any CPU
		{CDE2775B-775A-4BAB-A81F-62CD948B5975}.Release|Any CPU.Build.0 = Release|Any CPU
		{23EC8E6E-9BB0-4261-8756-6D21619C8B99}.Debug|Any CPU.ActiveCfg = Debug|Any CPU
		{23EC8E6E-9BB0-4261-8756-6D21619C8B99}.Debug|Any CPU.Build.0 = Debug|Any CPU
		{23EC8E6E-9BB0-4261-8756-6D21619C8B99}.Release|Any CPU.ActiveCfg = Release|Any CPU
		{23EC8E6E-9BB0-4261-8756-6D21619C8B99}.Release|Any CPU.Build.0 = Release|Any CPU
		{4CBBBF87-F3DF-4C06-999E-BE789E91FF9D}.Debug|Any CPU.ActiveCfg = Debug|Any CPU
		{4CBBBF87-F3DF-4C06-999E-BE789E91FF9D}.Debug|Any CPU.Build.0 = Debug|Any CPU
		{4CBBBF87-F3DF-4C06-999E-BE789E91FF9D}.Release|Any CPU.ActiveCfg = Release|Any CPU
		{4CBBBF87-F3DF-4C06-999E-BE789E91FF9D}.Release|Any CPU.Build.0 = Release|Any CPU
	EndGlobalSection
	GlobalSection(SolutionProperties) = preSolution
		HideSolutionNode = FALSE
	EndGlobalSection
	GlobalSection(ExtensibilityGlobals) = postSolution
		SolutionGuid = {5DB81CBF-DF2F-45CB-B0AF-85308CA02FF7}
	EndGlobalSection
EndGlobal
